dependencies:
- name: mongodb
  repository: https://charts.bitnami.com/bitnami
  version: 11.0.0
- name: users
  repository: ""
  version: 0.x.x
- name: movies
  repository: ""
  version: 0.x.x
- name: showtimes
  repository: ""
  version: 0.x.x
- name: bookings
  repository: ""
  version: 0.x.x
- name: website
  repository: ""
  version: 0.x.x
digest: sha256:d39ba56e713b7399bce6b879bec84a6d80925cd911de8e50d5e3c31e268dd76e
generated: "2022-09-28T14:50:15.799083-07:00"
